// !$*UTF8*$!
{
	archiveVersion = 1;
	classes = {
	};
	objectVersion = 44;
	objects = {

/* Begin PBXBuildFile section */
		8D11072A0486CEB800E47090 /* MainMenu.nib in Resources */ = {isa = PBXBuildFile; fileRef = 29B97318FDCFA39411CA2CEA /* MainMenu.nib */; };
		8D11072B0486CEB800E47090 /* InfoPlist.strings in Resources */ = {isa = PBXBuildFile; fileRef = 089C165CFE840E0CC02AAC07 /* InfoPlist.strings */; };
		8D11072D0486CEB800E47090 /* main.m in Sources */ = {isa = PBXBuildFile; fileRef = 29B97316FDCFA39411CA2CEA /* main.m */; settings = {ATTRIBUTES = (); }; };
		8D11072F0486CEB800E47090 /* Cocoa.framework in Frameworks */ = {isa = PBXBuildFile; fileRef = 1058C7A1FEA54F0111CA2CBB /* Cocoa.framework */; };
		9531DA5A0D31A26B00E391E4 /* MGOLCellProcessor.m in Sources */ = {isa = PBXBuildFile; fileRef = 9531DA590D31A26B00E391E4 /* MGOLCellProcessor.m */; };
		9531DA610D31ABC100E391E4 /* MGOLPreferencesController.m in Sources */ = {isa = PBXBuildFile; fileRef = 9531DA600D31ABC100E391E4 /* MGOLPreferencesController.m */; };
		9531DB100D31B3C100E391E4 /* Preferences.nib in Resources */ = {isa = PBXBuildFile; fileRef = 9531DB0E0D31B3C100E391E4 /* Preferences.nib */; };
		956C8B810D24C4DE00365C81 /* MyGameOfLife.icns in Resources */ = {isa = PBXBuildFile; fileRef = 956C8B800D24C4DE00365C81 /* MyGameOfLife.icns */; };
		956C8B870D24C62C00365C81 /* Credits.html in Resources */ = {isa = PBXBuildFile; fileRef = 956C8B860D24C62C00365C81 /* Credits.html */; };
		958237940D3151660000C742 /* MGOLStructureView.m in Sources */ = {isa = PBXBuildFile; fileRef = 958237930D3151660000C742 /* MGOLStructureView.m */; };
		958237970D3152330000C742 /* MGOLStructureEditorController.m in Sources */ = {isa = PBXBuildFile; fileRef = 958237960D3152330000C742 /* MGOLStructureEditorController.m */; };
		958237AA0D3153260000C742 /* StructureEditor.nib in Resources */ = {isa = PBXBuildFile; fileRef = 958237A80D3153260000C742 /* StructureEditor.nib */; };
		958237CC0D3159FE0000C742 /* MGOLStructure.m in Sources */ = {isa = PBXBuildFile; fileRef = 958237CB0D3159FE0000C742 /* MGOLStructure.m */; };
		958237CF0D315A850000C742 /* MGOLCell.m in Sources */ = {isa = PBXBuildFile; fileRef = 958237CE0D315A850000C742 /* MGOLCell.m */; };
		959BF5A00D1ECF05007BF920 /* MGOLView.m in Sources */ = {isa = PBXBuildFile; fileRef = 959BF59F0D1ECF05007BF920 /* MGOLView.m */; };
		959BF5AD0D1EE1BF007BF920 /* MGOLAppController.m in Sources */ = {isa = PBXBuildFile; fileRef = 959BF5AC0D1EE1BF007BF920 /* MGOLAppController.m */; };
		95B17FCE0D24AC83000FC671 /* player_play.png in Resources */ = {isa = PBXBuildFile; fileRef = 95B17FCD0D24AC83000FC671 /* player_play.png */; };
		95B17FD00D24ACF5000FC671 /* player_step.png in Resources */ = {isa = PBXBuildFile; fileRef = 95B17FCF0D24ACF5000FC671 /* player_step.png */; };
		95B17FD20D24AD0D000FC671 /* player_pause.png in Resources */ = {isa = PBXBuildFile; fileRef = 95B17FD10D24AD0D000FC671 /* player_pause.png */; };
		95B17FD40D24AD6D000FC671 /* player_stop.png in Resources */ = {isa = PBXBuildFile; fileRef = 95B17FD30D24AD6D000FC671 /* player_stop.png */; };
		95B17FD60D24AE47000FC671 /* settings.png in Resources */ = {isa = PBXBuildFile; fileRef = 95B17FD50D24AE47000FC671 /* settings.png */; };
		95B17FD90D24AEEA000FC671 /* add_random.png in Resources */ = {isa = PBXBuildFile; fileRef = 95B17FD80D24AEEA000FC671 /* add_random.png */; };
		95E7CC080D299EAD00DC7000 /* changelog.txt in Resources */ = {isa = PBXBuildFile; fileRef = 95E7CC070D299EAD00DC7000 /* changelog.txt */; };
/* End PBXBuildFile section */

/* Begin PBXFileReference section */
		089C165DFE840E0CC02AAC07 /* English */ = {isa = PBXFileReference; fileEncoding = 10; lastKnownFileType = text.plist.strings; name = English; path = English.lproj/InfoPlist.strings; sourceTree = "<group>"; };
		1058C7A1FEA54F0111CA2CBB /* Cocoa.framework */ = {isa = PBXFileReference; lastKnownFileType = wrapper.framework; name = Cocoa.framework; path = /System/Library/Frameworks/Cocoa.framework; sourceTree = "<absolute>"; };
		13E42FB307B3F0F600E4EEF1 /* CoreData.framework */ = {isa = PBXFileReference; lastKnownFileType = wrapper.framework; name = CoreData.framework; path = /System/Library/Frameworks/CoreData.framework; sourceTree = "<absolute>"; };
		29B97316FDCFA39411CA2CEA /* main.m */ = {isa = PBXFileReference; fileEncoding = 4; lastKnownFileType = sourcecode.c.objc; path = main.m; sourceTree = "<group>"; };
		29B97319FDCFA39411CA2CEA /* English */ = {isa = PBXFileReference; lastKnownFileType = wrapper.nib; name = English; path = English.lproj/MainMenu.nib; sourceTree = "<group>"; };
		29B97324FDCFA39411CA2CEA /* AppKit.framework */ = {isa = PBXFileReference; lastKnownFileType = wrapper.framework; name = AppKit.framework; path = /System/Library/Frameworks/AppKit.framework; sourceTree = "<absolute>"; };
		29B97325FDCFA39411CA2CEA /* Foundation.framework */ = {isa = PBXFileReference; lastKnownFileType = wrapper.framework; name = Foundation.framework; path = /System/Library/Frameworks/Foundation.framework; sourceTree = "<absolute>"; };
		32CA4F630368D1EE00C91783 /* MyGameOfLife_Prefix.pch */ = {isa = PBXFileReference; fileEncoding = 4; lastKnownFileType = sourcecode.c.h; path = MyGameOfLife_Prefix.pch; sourceTree = "<group>"; };
		8D1107310486CEB800E47090 /* Info.plist */ = {isa = PBXFileReference; fileEncoding = 4; lastKnownFileType = text.plist.xml; path = Info.plist; sourceTree = "<group>"; };
		8D1107320486CEB800E47090 /* My Game Of Life.app */ = {isa = PBXFileReference; explicitFileType = wrapper.application; includeInIndex = 0; path = "My Game Of Life.app"; sourceTree = BUILT_PRODUCTS_DIR; };
		9531DA570D319FF100E391E4 /* MGOLGlobals.h */ = {isa = PBXFileReference; fileEncoding = 4; lastKnownFileType = sourcecode.c.h; path = MGOLGlobals.h; sourceTree = "<group>"; };
		9531DA580D31A26B00E391E4 /* MGOLCellProcessor.h */ = {isa = PBXFileReference; fileEncoding = 4; lastKnownFileType = sourcecode.c.h; path = MGOLCellProcessor.h; sourceTree = "<group>"; };
		9531DA590D31A26B00E391E4 /* MGOLCellProcessor.m */ = {isa = PBXFileReference; fileEncoding = 4; lastKnownFileType = sourcecode.c.objc; path = MGOLCellProcessor.m; sourceTree = "<group>"; };
		9531DA5F0D31ABC100E391E4 /* MGOLPreferencesController.h */ = {isa = PBXFileReference; fileEncoding = 4; lastKnownFileType = sourcecode.c.h; path = MGOLPreferencesController.h; sourceTree = "<group>"; };
		9531DA600D31ABC100E391E4 /* MGOLPreferencesController.m */ = {isa = PBXFileReference; fileEncoding = 4; lastKnownFileType = sourcecode.c.objc; path = MGOLPreferencesController.m; sourceTree = "<group>"; };
		9531DB0F0D31B3C100E391E4 /* English */ = {isa = PBXFileReference; lastKnownFileType = wrapper.nib; name = English; path = English.lproj/Preferences.nib; sourceTree = "<group>"; };
		956C8B800D24C4DE00365C81 /* MyGameOfLife.icns */ = {isa = PBXFileReference; lastKnownFileType = image.icns; path = MyGameOfLife.icns; sourceTree = "<group>"; };
		956C8B860D24C62C00365C81 /* Credits.html */ = {isa = PBXFileReference; fileEncoding = 4; lastKnownFileType = text.html; path = Credits.html; sourceTree = "<group>"; };
		958237920D3151660000C742 /* MGOLStructureView.h */ = {isa = PBXFileReference; fileEncoding = 4; lastKnownFileType = sourcecode.c.h; path = MGOLStructureView.h; sourceTree = "<group>"; };
		958237930D3151660000C742 /* MGOLStructureView.m */ = {isa = PBXFileReference; fileEncoding = 4; lastKnownFileType = sourcecode.c.objc; path = MGOLStructureView.m; sourceTree = "<group>"; };
		958237950D3152330000C742 /* MGOLStructureEditorController.h */ = {isa = PBXFileReference; fileEncoding = 4; lastKnownFileType = sourcecode.c.h; path = MGOLStructureEditorController.h; sourceTree = "<group>"; };
		958237960D3152330000C742 /* MGOLStructureEditorController.m */ = {isa = PBXFileReference; fileEncoding = 4; lastKnownFileType = sourcecode.c.objc; path = MGOLStructureEditorController.m; sourceTree = "<group>"; };
		958237A90D3153260000C742 /* English */ = {isa = PBXFileReference; lastKnownFileType = wrapper.nib; name = English; path = English.lproj/StructureEditor.nib; sourceTree = "<group>"; };
		958237CA0D3159FE0000C742 /* MGOLStructure.h */ = {isa = PBXFileReference; fileEncoding = 4; lastKnownFileType = sourcecode.c.h; path = MGOLStructure.h; sourceTree = "<group>"; };
		958237CB0D3159FE0000C742 /* MGOLStructure.m */ = {isa = PBXFileReference; fileEncoding = 4; lastKnownFileType = sourcecode.c.objc; path = MGOLStructure.m; sourceTree = "<group>"; };
		958237CD0D315A850000C742 /* MGOLCell.h */ = {isa = PBXFileReference; fileEncoding = 4; lastKnownFileType = sourcecode.c.h; path = MGOLCell.h; sourceTree = "<group>"; };
		958237CE0D315A850000C742 /* MGOLCell.m */ = {isa = PBXFileReference; fileEncoding = 4; lastKnownFileType = sourcecode.c.objc; path = MGOLCell.m; sourceTree = "<group>"; };
		959BF59E0D1ECF05007BF920 /* MGOLView.h */ = {isa = PBXFileReference; fileEncoding = 4; lastKnownFileType = sourcecode.c.h; path = MGOLView.h; sourceTree = "<group>"; };
		959BF59F0D1ECF05007BF920 /* MGOLView.m */ = {isa = PBXFileReference; fileEncoding = 4; lastKnownFileType = sourcecode.c.objc; path = MGOLView.m; sourceTree = "<group>"; };
		959BF5AB0D1EE1BF007BF920 /* MGOLAppController.h */ = {isa = PBXFileReference; fileEncoding = 4; lastKnownFileType = sourcecode.c.h; path = MGOLAppController.h; sourceTree = "<group>"; };
		959BF5AC0D1EE1BF007BF920 /* MGOLAppController.m */ = {isa = PBXFileReference; fileEncoding = 4; lastKnownFileType = sourcecode.c.objc; path = MGOLAppController.m; sourceTree = "<group>"; };
		95B17FCD0D24AC83000FC671 /* player_play.png */ = {isa = PBXFileReference; lastKnownFileType = image.png; path = player_play.png; sourceTree = "<group>"; };
		95B17FCF0D24ACF5000FC671 /* player_step.png */ = {isa = PBXFileReference; lastKnownFileType = image.png; path = player_step.png; sourceTree = "<group>"; };
		95B17FD10D24AD0D000FC671 /* player_pause.png */ = {isa = PBXFileReference; lastKnownFileType = image.png; path = player_pause.png; sourceTree = "<group>"; };
		95B17FD30D24AD6D000FC671 /* player_stop.png */ = {isa = PBXFileReference; lastKnownFileType = image.png; path = player_stop.png; sourceTree = "<group>"; };
		95B17FD50D24AE47000FC671 /* settings.png */ = {isa = PBXFileReference; lastKnownFileType = image.png; path = settings.png; sourceTree = "<group>"; };
		95B17FD80D24AEEA000FC671 /* add_random.png */ = {isa = PBXFileReference; lastKnownFileType = image.png; path = add_random.png; sourceTree = "<group>"; };
		95E7CC070D299EAD00DC7000 /* changelog.txt */ = {isa = PBXFileReference; fileEncoding = 4; lastKnownFileType = text; path = changelog.txt; sourceTree = "<group>"; };
/* End PBXFileReference section */

/* Begin PBXFrameworksBuildPhase section */
		8D11072E0486CEB800E47090 /* Frameworks */ = {
			isa = PBXFrameworksBuildPhase;
			buildActionMask = 2147483647;
			files = (
				8D11072F0486CEB800E47090 /* Cocoa.framework in Frameworks */,
			);
			runOnlyForDeploymentPostprocessing = 0;
		};
/* End PBXFrameworksBuildPhase section */

/* Begin PBXGroup section */
		080E96DDFE201D6D7F000001 /* Main Window */ = {
			isa = PBXGroup;
			children = (
				959BF5AB0D1EE1BF007BF920 /* MGOLAppController.h */,
				959BF5AC0D1EE1BF007BF920 /* MGOLAppController.m */,
				9531DA580D31A26B00E391E4 /* MGOLCellProcessor.h */,
				9531DA590D31A26B00E391E4 /* MGOLCellProcessor.m */,
				959BF59E0D1ECF05007BF920 /* MGOLView.h */,
				959BF59F0D1ECF05007BF920 /* MGOLView.m */,
			);
			name = "Main Window";
			sourceTree = "<group>";
		};
		1058C7A0FEA54F0111CA2CBB /* Linked Frameworks */ = {
			isa = PBXGroup;
			children = (
				1058C7A1FEA54F0111CA2CBB /* Cocoa.framework */,
			);
			name = "Linked Frameworks";
			sourceTree = "<group>";
		};
		1058C7A2FEA54F0111CA2CBB /* Other Frameworks */ = {
			isa = PBXGroup;
			children = (
				29B97324FDCFA39411CA2CEA /* AppKit.framework */,
				13E42FB307B3F0F600E4EEF1 /* CoreData.framework */,
				29B97325FDCFA39411CA2CEA /* Foundation.framework */,
			);
			name = "Other Frameworks";
			sourceTree = "<group>";
		};
		19C28FACFE9D520D11CA2CBB /* Products */ = {
			isa = PBXGroup;
			children = (
				8D1107320486CEB800E47090 /* My Game Of Life.app */,
			);
			name = Products;
			sourceTree = "<group>";
		};
		29B97314FDCFA39411CA2CEA /* MyGameOfLife */ = {
			isa = PBXGroup;
			children = (
				080E96DDFE201D6D7F000001 /* Main Window */,
				9531DA620D31AEB800E391E4 /* Preferences */,
				9531DA550D319F8100E391E4 /* Structure Editor */,
				9531DA560D319FAE00E391E4 /* Utilities */,
				29B97315FDCFA39411CA2CEA /* Other Sources */,
				29B97317FDCFA39411CA2CEA /* Resources */,
				29B97323FDCFA39411CA2CEA /* Frameworks */,
				19C28FACFE9D520D11CA2CBB /* Products */,
			);
			name = MyGameOfLife;
			sourceTree = "<group>";
		};
		29B97315FDCFA39411CA2CEA /* Other Sources */ = {
			isa = PBXGroup;
			children = (
				32CA4F630368D1EE00C91783 /* MyGameOfLife_Prefix.pch */,
				29B97316FDCFA39411CA2CEA /* main.m */,
			);
			name = "Other Sources";
			sourceTree = "<group>";
		};
		29B97317FDCFA39411CA2CEA /* Resources */ = {
			isa = PBXGroup;
			children = (
				958239BD0D319C4E0000C742 /* Toolbar Icons */,
				95E7CC070D299EAD00DC7000 /* changelog.txt */,
				956C8B800D24C4DE00365C81 /* MyGameOfLife.icns */,
				8D1107310486CEB800E47090 /* Info.plist */,
				089C165CFE840E0CC02AAC07 /* InfoPlist.strings */,
				29B97318FDCFA39411CA2CEA /* MainMenu.nib */,
				9531DB0E0D31B3C100E391E4 /* Preferences.nib */,
				958237A80D3153260000C742 /* StructureEditor.nib */,
				956C8B860D24C62C00365C81 /* Credits.html */,
			);
			name = Resources;
			sourceTree = "<group>";
		};
		29B97323FDCFA39411CA2CEA /* Frameworks */ = {
			isa = PBXGroup;
			children = (
				1058C7A0FEA54F0111CA2CBB /* Linked Frameworks */,
				1058C7A2FEA54F0111CA2CBB /* Other Frameworks */,
			);
			name = Frameworks;
			sourceTree = "<group>";
		};
		9531DA550D319F8100E391E4 /* Structure Editor */ = {
			isa = PBXGroup;
			children = (
				958237CD0D315A850000C742 /* MGOLCell.h */,
				958237CE0D315A850000C742 /* MGOLCell.m */,
				958237CA0D3159FE0000C742 /* MGOLStructure.h */,
				958237CB0D3159FE0000C742 /* MGOLStructure.m */,
				958237950D3152330000C742 /* MGOLStructureEditorController.h */,
				958237960D3152330000C742 /* MGOLStructureEditorController.m */,
				958237920D3151660000C742 /* MGOLStructureView.h */,
				958237930D3151660000C742 /* MGOLStructureView.m */,
			);
			name = "Structure Editor";
			sourceTree = "<group>";
		};
		9531DA560D319FAE00E391E4 /* Utilities */ = {
			isa = PBXGroup;
			children = (
				9531DA570D319FF100E391E4 /* MGOLGlobals.h */,
			);
			name = Utilities;
			sourceTree = "<group>";
		};
		9531DA620D31AEB800E391E4 /* Preferences */ = {
			isa = PBXGroup;
			children = (
				9531DA5F0D31ABC100E391E4 /* MGOLPreferencesController.h */,
				9531DA600D31ABC100E391E4 /* MGOLPreferencesController.m */,
			);
			name = Preferences;
			sourceTree = "<group>";
		};
		958239BD0D319C4E0000C742 /* Toolbar Icons */ = {
			isa = PBXGroup;
			children = (
				95B17FD80D24AEEA000FC671 /* add_random.png */,
				95B17FD50D24AE47000FC671 /* settings.png */,
				95B17FD30D24AD6D000FC671 /* player_stop.png */,
				95B17FD10D24AD0D000FC671 /* player_pause.png */,
				95B17FCF0D24ACF5000FC671 /* player_step.png */,
				95B17FCD0D24AC83000FC671 /* player_play.png */,
			);
			name = "Toolbar Icons";
			sourceTree = "<group>";
		};
/* End PBXGroup section */

/* Begin PBXNativeTarget section */
		8D1107260486CEB800E47090 /* MyGameOfLife */ = {
			isa = PBXNativeTarget;
			buildConfigurationList = C01FCF4A08A954540054247B /* Build configuration list for PBXNativeTarget "MyGameOfLife" */;
			buildPhases = (
				8D1107290486CEB800E47090 /* Resources */,
				8D11072C0486CEB800E47090 /* Sources */,
				8D11072E0486CEB800E47090 /* Frameworks */,
			);
			buildRules = (
			);
			dependencies = (
			);
			name = MyGameOfLife;
			productInstallPath = "$(HOME)/Applications";
			productName = MyGameOfLife;
			productReference = 8D1107320486CEB800E47090 /* My Game Of Life.app */;
			productType = "com.apple.product-type.application";
		};
/* End PBXNativeTarget section */

/* Begin PBXProject section */
		29B97313FDCFA39411CA2CEA /* Project object */ = {
			isa = PBXProject;
			buildConfigurationList = C01FCF4E08A954540054247B /* Build configuration list for PBXProject "MyGameOfLife" */;
			compatibilityVersion = "Xcode 3.0";
			hasScannedForEncodings = 1;
			mainGroup = 29B97314FDCFA39411CA2CEA /* MyGameOfLife */;
			projectDirPath = "";
			projectRoot = "";
			targets = (
				8D1107260486CEB800E47090 /* MyGameOfLife */,
			);
		};
/* End PBXProject section */

/* Begin PBXResourcesBuildPhase section */
		8D1107290486CEB800E47090 /* Resources */ = {
			isa = PBXResourcesBuildPhase;
			buildActionMask = 2147483647;
			files = (
				8D11072A0486CEB800E47090 /* MainMenu.nib in Resources */,
				8D11072B0486CEB800E47090 /* InfoPlist.strings in Resources */,
				95B17FCE0D24AC83000FC671 /* player_play.png in Resources */,
				95B17FD00D24ACF5000FC671 /* player_step.png in Resources */,
				95B17FD20D24AD0D000FC671 /* player_pause.png in Resources */,
				95B17FD40D24AD6D000FC671 /* player_stop.png in Resources */,
				95B17FD60D24AE47000FC671 /* settings.png in Resources */,
				95B17FD90D24AEEA000FC671 /* add_random.png in Resources */,
				956C8B810D24C4DE00365C81 /* MyGameOfLife.icns in Resources */,
				956C8B870D24C62C00365C81 /* Credits.html in Resources */,
				95E7CC080D299EAD00DC7000 /* changelog.txt in Resources */,
				958237AA0D3153260000C742 /* StructureEditor.nib in Resources */,
				9531DB100D31B3C100E391E4 /* Preferences.nib in Resources */,
			);
			runOnlyForDeploymentPostprocessing = 0;
		};
/* End PBXResourcesBuildPhase section */

/* Begin PBXSourcesBuildPhase section */
		8D11072C0486CEB800E47090 /* Sources */ = {
			isa = PBXSourcesBuildPhase;
			buildActionMask = 2147483647;
			files = (
				8D11072D0486CEB800E47090 /* main.m in Sources */,
				959BF5A00D1ECF05007BF920 /* MGOLView.m in Sources */,
				959BF5AD0D1EE1BF007BF920 /* MGOLAppController.m in Sources */,
				958237940D3151660000C742 /* MGOLStructureView.m in Sources */,
				958237970D3152330000C742 /* MGOLStructureEditorController.m in Sources */,
				958237CC0D3159FE0000C742 /* MGOLStructure.m in Sources */,
				958237CF0D315A850000C742 /* MGOLCell.m in Sources */,
				9531DA5A0D31A26B00E391E4 /* MGOLCellProcessor.m in Sources */,
				9531DA610D31ABC100E391E4 /* MGOLPreferencesController.m in Sources */,
			);
			runOnlyForDeploymentPostprocessing = 0;
		};
/* End PBXSourcesBuildPhase section */

/* Begin PBXVariantGroup section */
		089C165CFE840E0CC02AAC07 /* InfoPlist.strings */ = {
			isa = PBXVariantGroup;
			children = (
				089C165DFE840E0CC02AAC07 /* English */,
			);
			name = InfoPlist.strings;
			sourceTree = "<group>";
		};
		29B97318FDCFA39411CA2CEA /* MainMenu.nib */ = {
			isa = PBXVariantGroup;
			children = (
				29B97319FDCFA39411CA2CEA /* English */,
			);
			name = MainMenu.nib;
			sourceTree = "<group>";
		};
		9531DB0E0D31B3C100E391E4 /* Preferences.nib */ = {
			isa = PBXVariantGroup;
			children = (
				9531DB0F0D31B3C100E391E4 /* English */,
			);
			name = Preferences.nib;
			sourceTree = "<group>";
		};
		958237A80D3153260000C742 /* StructureEditor.nib */ = {
			isa = PBXVariantGroup;
			children = (
				958237A90D3153260000C742 /* English */,
			);
			name = StructureEditor.nib;
			sourceTree = "<group>";
		};
/* End PBXVariantGroup section */

/* Begin XCBuildConfiguration section */
		C01FCF4B08A954540054247B /* Debug */ = {
			isa = XCBuildConfiguration;
			buildSettings = {
				COPY_PHASE_STRIP = NO;
				GCC_DYNAMIC_NO_PIC = NO;
				GCC_ENABLE_FIX_AND_CONTINUE = YES;
				GCC_MODEL_TUNING = G5;
				GCC_OPTIMIZATION_LEVEL = 0;
				GCC_PRECOMPILE_PREFIX_HEADER = YES;
				GCC_PREFIX_HEADER = MyGameOfLife_Prefix.pch;
				INFOPLIST_FILE = Info.plist;
				INSTALL_PATH = "$(HOME)/Applications";
				PRODUCT_NAME = "My Game Of Life";
				WRAPPER_EXTENSION = app;
				ZERO_LINK = YES;
			};
			name = Debug;
		};
		C01FCF4C08A954540054247B /* Release */ = {
			isa = XCBuildConfiguration;
			buildSettings = {
				DEBUG_INFORMATION_FORMAT = "dwarf-with-dsym";
				GCC_MODEL_TUNING = G5;
				GCC_PRECOMPILE_PREFIX_HEADER = YES;
				GCC_PREFIX_HEADER = MyGameOfLife_Prefix.pch;
				INFOPLIST_FILE = Info.plist;
				INSTALL_PATH = "$(HOME)/Applications";
				PRODUCT_NAME = "My Game Of Life";
				WRAPPER_EXTENSION = app;
			};
			name = Release;
		};
		C01FCF4F08A954540054247B /* Debug */ = {
			isa = XCBuildConfiguration;
			buildSettings = {
				GCC_WARN_ABOUT_RETURN_TYPE = YES;
				GCC_WARN_UNUSED_VARIABLE = YES;
				PREBINDING = NO;
				SDKROOT = "$(DEVELOPER_SDK_DIR)/MacOSX10.5.sdk";
			};
			name = Debug;
		};
		C01FCF5008A954540054247B /* Release */ = {
			isa = XCBuildConfiguration;
			buildSettings = {
				ARCHS = (
					ppc,
					i386,
				);
				GCC_WARN_ABOUT_RETURN_TYPE = YES;
				GCC_WARN_UNUSED_VARIABLE = YES;
				PREBINDING = NO;
				SDKROOT = "$(DEVELOPER_SDK_DIR)/MacOSX10.5.sdk";
			};
			name = Release;
		};
/* End XCBuildConfiguration section */

/* Begin XCConfigurationList section */
		C01FCF4A08A954540054247B /* Build configuration list for PBXNativeTarget "MyGameOfLife" */ = {
			isa = XCConfigurationList;
			buildConfigurations = (
				C01FCF4B08A954540054247B /* Debug */,
				C01FCF4C08A954540054247B /* Release */,
			);
			defaultConfigurationIsVisible = 0;
			defaultConfigurationName = Release;
		};
		C01FCF4E08A954540054247B /* Build configuration list for PBXProject "MyGameOfLife" */ = {
			isa = XCConfigurationList;
			buildConfigurations = (
				C01FCF4F08A954540054247B /* Debug */,
				C01FCF5008A954540054247B /* Release */,
			);
			defaultConfigurationIsVisible = 0;
			defaultConfigurationName = Release;
		};
/* End XCConfigurationList section */
	};
	rootObject = 29B97313FDCFA39411CA2CEA /* Project object */;
}
